{
  "name": "starter-template-basic-typescript",
  "version": "1.0.0",
  "lockfileVersion": 2,
  "requires": true,
  "packages": {
    "": {
      "name": "starter-template-basic-typescript",
      "version": "1.0.0",
      "license": "MIT",
      "dependencies": {
        "phaser": "^3.70.0"
      },
      "devDependencies": {
        "phasereditor2d-launcher": "^3.32.0",
        "typescript": "^5.0.4"
      }
    },
    "node_modules/adm-zip": {
      "version": "0.5.10",
      "resolved": "https://registry.npmjs.org/adm-zip/-/adm-zip-0.5.10.tgz",
      "integrity": "sha512-x0HvcHqVJNTPk/Bw8JbLWlWoo6Wwnsug0fnYYro1HBrjxZ3G7/AZk7Ahv8JwDe1uIcz8eBqvu86FuF1POiG7vQ==",
      "dev": true,
      "engines": {
        "node": ">=6.0"
      }
    },
    "node_modules/eventemitter3": {
      "version": "5.0.1",
      "resolved": "https://registry.npmjs.org/eventemitter3/-/eventemitter3-5.0.1.tgz",
      "integrity": "sha512-GWkBvjiSZK87ELrYOSESUYeVIc9mvLLf/nXalMOS5dYrgZq9o5OVkbZAVM06CVxYsCwH9BDZFPlQTlPA1j4ahA=="
    },
    "node_modules/phaser": {
      "version": "3.70.0",
      "resolved": "https://registry.npmjs.org/phaser/-/phaser-3.70.0.tgz",
      "integrity": "sha512-2g+gh+Jp9f/Ho9FOXOYbIJMGf3UZXyMbW2iLScFaLQw11e/LqVyxj/YmaBauWbHabeTnZjiWkPklDnxhesMH0g==",
      "dependencies": {
        "eventemitter3": "^5.0.1"
      }
    },
    "node_modules/phasereditor2d-launcher": {
      "version": "3.62.0",
      "resolved": "https://registry.npmjs.org/phasereditor2d-launcher/-/phasereditor2d-launcher-3.62.0.tgz",
      "integrity": "sha512-IIwegLGyvZ6jazEo5is8d1zM+6lOiBPbvAP+FYtMaPKsqDgf4z/7st2Ovjd6mKXNeWxUYqdrYrr66vqkkONlOw==",
      "dev": true,
      "dependencies": {
        "adm-zip": "^0.5.5"
      },
      "bin": {
        "phasereditor2d-launcher": "cli.js"
      }
    },
    "node_modules/typescript": {
      "version": "5.1.6",
      "resolved": "https://registry.npmjs.org/typescript/-/typescript-5.1.6.tgz",
      "integrity": "sha512-zaWCozRZ6DLEWAWFrVDz1H6FVXzUSfTy5FUMWsQlU8Ym5JP9eO4xkTIROFCQvhQf61z6O/G6ugw3SgAnvvm+HA==",
      "dev": true,
      "bin": {
        "tsc": "bin/tsc",
        "tsserver": "bin/tsserver"
      },
      "engines": {
        "node": ">=14.17"
      }
    }
  },
  "dependencies": {
    "adm-zip": {
      "version": "0.5.10",
      "resolved": "https://registry.npmjs.org/adm-zip/-/adm-zip-0.5.10.tgz",
      "integrity": "sha512-x0HvcHqVJNTPk/Bw8JbLWlWoo6Wwnsug0fnYYro1HBrjxZ3G7/AZk7Ahv8JwDe1uIcz8eBqvu86FuF1POiG7vQ==",
      "dev": true
    },
    "eventemitter3": {
      "version": "5.0.1",
      "resolved": "https://registry.npmjs.org/eventemitter3/-/eventemitter3-5.0.1.tgz",
      "integrity": "sha512-GWkBvjiSZK87ELrYOSESUYeVIc9mvLLf/nXalMOS5dYrgZq9o5OVkbZAVM06CVxYsCwH9BDZFPlQTlPA1j4ahA=="
    },
    "phaser": {
      "version": "3.70.0",
      "resolved": "https://registry.npmjs.org/phaser/-/phaser-3.70.0.tgz",
      "integrity": "sha512-2g+gh+Jp9f/Ho9FOXOYbIJMGf3UZXyMbW2iLScFaLQw11e/LqVyxj/YmaBauWbHabeTnZjiWkPklDnxhesMH0g==",
      "requires": {
        "eventemitter3": "^5.0.1"
      }
    },
    "phasereditor2d-launcher": {
      "version": "3.62.0",
      "resolved": "https://registry.npmjs.org/phasereditor2d-launcher/-/phasereditor2d-launcher-3.62.0.tgz",
      "integrity": "sha512-IIwegLGyvZ6jazEo5is8d1zM+6lOiBPbvAP+FYtMaPKsqDgf4z/7st2Ovjd6mKXNeWxUYqdrYrr66vqkkONlOw==",
      "dev": true,
      "requires": {
        "adm-zip": "^0.5.5"
      }
    },
    "typescript": {
      "version": "5.1.6",
      "resolved": "https://registry.npmjs.org/typescript/-/typescript-5.1.6.tgz",
      "integrity": "sha512-zaWCozRZ6DLEWAWFrVDz1H6FVXzUSfTy5FUMWsQlU8Ym5JP9eO4xkTIROFCQvhQf61z6O/G6ugw3SgAnvvm+HA==",
      "dev": true
    }
  }
}
