{
  "name": "starter-template-basic-javascript",
  "version": "1.0.0",
  "lockfileVersion": 2,
  "requires": true,
  "packages": {
    "": {
      "version": "1.0.0",
      "license": "MIT",
      "dependencies": {
        "phasereditor2d-launcher": "^3.30.0-beta.1"
      }
    },
    "node_modules/adm-zip": {
      "version": "0.5.5",
      "resolved": "https://registry.npmjs.org/adm-zip/-/adm-zip-0.5.5.tgz",
      "integrity": "sha512-IWwXKnCbirdbyXSfUDvCCrmYrOHANRZcc8NcRrvTlIApdl7PwE9oGcsYvNeJPAVY1M+70b4PxXGKIf8AEuiQ6w==",
      "engines": {
        "node": ">=6.0"
      }
    },
    "node_modules/phasereditor2d-launcher": {
      "version": "3.30.0-beta.1",
      "resolved": "https://registry.npmjs.org/phasereditor2d-launcher/-/phasereditor2d-launcher-3.30.0-beta.1.tgz",
      "integrity": "sha512-qcLZHmdoHB+0zl2UKQ+Eo8kAuxugGR3tsILQd2FFuiPcoIMP9aF6n3SdH2xBmK2TNewTWMDz3PspnZ2L4B4HBA==",
      "dependencies": {
        "adm-zip": "^0.5.5"
      },
      "bin": {
        "phasereditor2d-launcher": "cli.js"
      }
    }
  },
  "dependencies": {
    "adm-zip": {
      "version": "0.5.5",
      "resolved": "https://registry.npmjs.org/adm-zip/-/adm-zip-0.5.5.tgz",
      "integrity": "sha512-IWwXKnCbirdbyXSfUDvCCrmYrOHANRZcc8NcRrvTlIApdl7PwE9oGcsYvNeJPAVY1M+70b4PxXGKIf8AEuiQ6w=="
    },
    "phasereditor2d-launcher": {
      "version": "3.30.0-beta.1",
      "resolved": "https://registry.npmjs.org/phasereditor2d-launcher/-/phasereditor2d-launcher-3.30.0-beta.1.tgz",
      "integrity": "sha512-qcLZHmdoHB+0zl2UKQ+Eo8kAuxugGR3tsILQd2FFuiPcoIMP9aF6n3SdH2xBmK2TNewTWMDz3PspnZ2L4B4HBA==",
      "requires": {
        "adm-zip": "^0.5.5"
      }
    }
  }
}
